
Microsoft Visual Studio Solution File, Format Version 12.00
# Visual Studio Version 17
VisualStudioVersion = 17.5.33414.496
MinimumVisualStudioVersion = 10.0.40219.1
Project("{FAE04EC0-301F-11D3-BF4B-00C04F79EFBC}") = "Console_Tutorial_ForMyself_1", "Console_Tutorial_ForMyself_1\Console_Tutorial_ForMyself_1.csproj", "{53D8987A-5405-475F-939F-25CD3EE8D49B}"
EndProject
Global
	GlobalSection(SolutionConfigurationPlatforms) = preSolution
		Debug|Any CPU = Debug|Any CPU
		Release|Any CPU = Release|Any CPU
	EndGlobalSection
	GlobalSection(ProjectConfigurationPlatforms) = postSolution
		{53D8987A-5405-475F-939F-25CD3EE8D49B}.Debug|Any CPU.ActiveCfg = Debug|Any CPU
		{53D8987A-5405-475F-939F-25CD3EE8D49B}.Debug|Any CPU.Build.0 = Debug|Any CPU
		{53D8987A-5405-475F-939F-25CD3EE8D49B}.Release|Any CPU.ActiveCfg = Release|Any CPU
		{53D8987A-5405-475F-939F-25CD3EE8D49B}.Release|Any CPU.Build.0 = Release|Any CPU
	EndGlobalSection
	GlobalSection(SolutionProperties) = preSolution
		HideSolutionNode = FALSE
	EndGlobalSection
	GlobalSection(ExtensibilityGlobals) = postSolution
		SolutionGuid = {70057FA1-4A7C-4B55-BF5E-BD33462BE7B3}
	EndGlobalSection
EndGlobal
