
Microsoft Visual Studio Solution File, Format Version 12.00
# Visual Studio Version 17
VisualStudioVersion = 17.5.33516.290
MinimumVisualStudioVersion = 10.0.40219.1
Project("{FAE04EC0-301F-11D3-BF4B-00C04F79EFBC}") = "Console_Tutorial_ForMyself_7", "Console_Tutorial_ForMyself_7\Console_Tutorial_ForMyself_7.csproj", "{2C156C61-D321-4CC6-B1D5-458DD8F24509}"
EndProject
Global
	GlobalSection(SolutionConfigurationPlatforms) = preSolution
		Debug|Any CPU = Debug|Any CPU
		Release|Any CPU = Release|Any CPU
	EndGlobalSection
	GlobalSection(ProjectConfigurationPlatforms) = postSolution
		{2C156C61-D321-4CC6-B1D5-458DD8F24509}.Debug|Any CPU.ActiveCfg = Debug|Any CPU
		{2C156C61-D321-4CC6-B1D5-458DD8F24509}.Debug|Any CPU.Build.0 = Debug|Any CPU
		{2C156C61-D321-4CC6-B1D5-458DD8F24509}.Release|Any CPU.ActiveCfg = Release|Any CPU
		{2C156C61-D321-4CC6-B1D5-458DD8F24509}.Release|Any CPU.Build.0 = Release|Any CPU
	EndGlobalSection
	GlobalSection(SolutionProperties) = preSolution
		HideSolutionNode = FALSE
	EndGlobalSection
	GlobalSection(ExtensibilityGlobals) = postSolution
		SolutionGuid = {B0DAB9EB-4EC9-4EEA-8ADA-C47A6DBC7CB5}
	EndGlobalSection
EndGlobal
